
Microsoft Visual Studio Solution File, Format Version 12.00
# Visual Studio Version 17
VisualStudioVersion = 17.4.33213.308
MinimumVisualStudioVersion = 10.0.40219.1
Project("{FAE04EC0-301F-11D3-BF4B-00C04F79EFBC}") = "NpoiWrapper", "NpoiWrapper\NpoiWrapper.csproj", "{BCB1F36D-3BF3-46C1-B75D-1D48F9821204}"
EndProject
Global
	GlobalSection(SolutionConfigurationPlatforms) = preSolution
		Debug|Any CPU = Debug|Any CPU
		Release|Any CPU = Release|Any CPU
	EndGlobalSection
	GlobalSection(ProjectConfigurationPlatforms) = postSolution
		{BCB1F36D-3BF3-46C1-B75D-1D48F9821204}.Debug|Any CPU.ActiveCfg = Debug|Any CPU
		{BCB1F36D-3BF3-46C1-B75D-1D48F9821204}.Debug|Any CPU.Build.0 = Debug|Any CPU
		{BCB1F36D-3BF3-46C1-B75D-1D48F9821204}.Release|Any CPU.ActiveCfg = Release|Any CPU
		{BCB1F36D-3BF3-46C1-B75D-1D48F9821204}.Release|Any CPU.Build.0 = Release|Any CPU
	EndGlobalSection
	GlobalSection(SolutionProperties) = preSolution
		HideSolutionNode = FALSE
	EndGlobalSection
	GlobalSection(ExtensibilityGlobals) = postSolution
		SolutionGuid = {81E84860-D0D4-4107-8FDF-E4949EF46BC8}
	EndGlobalSection
EndGlobal
